
Microsoft Visual Studio Solution File, Format Version 12.00
# Visual Studio Version 17
VisualStudioVersion = 17.2.32616.157
MinimumVisualStudioVersion = 10.0.40219.1
Project("{FAE04EC0-301F-11D3-BF4B-00C04F79EFBC}") = "MS.PlatformService", "MS.PlatformService\MS.PlatformService.csproj", "{8C2C9290-06C1-4F1E-A2E8-B9BC0F904BCF}"
EndProject
Global
	GlobalSection(SolutionConfigurationPlatforms) = preSolution
		Debug|Any CPU = Debug|Any CPU
		Release|Any CPU = Release|Any CPU
	EndGlobalSection
	GlobalSection(ProjectConfigurationPlatforms) = postSolution
		{8C2C9290-06C1-4F1E-A2E8-B9BC0F904BCF}.Debug|Any CPU.ActiveCfg = Debug|Any CPU
		{8C2C9290-06C1-4F1E-A2E8-B9BC0F904BCF}.Debug|Any CPU.Build.0 = Debug|Any CPU
		{8C2C9290-06C1-4F1E-A2E8-B9BC0F904BCF}.Release|Any CPU.ActiveCfg = Release|Any CPU
		{8C2C9290-06C1-4F1E-A2E8-B9BC0F904BCF}.Release|Any CPU.Build.0 = Release|Any CPU
	EndGlobalSection
	GlobalSection(SolutionProperties) = preSolution
		HideSolutionNode = FALSE
	EndGlobalSection
	GlobalSection(ExtensibilityGlobals) = postSolution
		SolutionGuid = {4157B44E-7236-40B3-96EC-C8C0E62AF6B2}
	EndGlobalSection
EndGlobal
